// !$*UTF8*$!
{
	archiveVersion = 1;
	classes = {
	};
	objectVersion = 46;
	objects = {

/* Begin PBXBuildFile section */
		742E9FB51CB9C832004D4EE5 /* AppDelegate.swift in Sources */ = {isa = PBXBuildFile; fileRef = 742E9FB41CB9C832004D4EE5 /* AppDelegate.swift */; };
		742E9FBA1CB9C832004D4EE5 /* Main.storyboard in Resources */ = {isa = PBXBuildFile; fileRef = 742E9FB81CB9C832004D4EE5 /* Main.storyboard */; };
		742E9FBC1CB9C832004D4EE5 /* Assets.xcassets in Resources */ = {isa = PBXBuildFile; fileRef = 742E9FBB1CB9C832004D4EE5 /* Assets.xcassets */; };
		742E9FBF1CB9C832004D4EE5 /* LaunchScreen.storyboard in Resources */ = {isa = PBXBuildFile; fileRef = 742E9FBD1CB9C832004D4EE5 /* LaunchScreen.storyboard */; };
		742E9FCA1CB9C832004D4EE5 /* CollectionView_RoshanTests.swift in Sources */ = {isa = PBXBuildFile; fileRef = 742E9FC91CB9C832004D4EE5 /* CollectionView_RoshanTests.swift */; };
		742E9FD51CB9C832004D4EE5 /* CollectionView_RoshanUITests.swift in Sources */ = {isa = PBXBuildFile; fileRef = 742E9FD41CB9C832004D4EE5 /* CollectionView_RoshanUITests.swift */; };
		742E9FE31CB9CA36004D4EE5 /* FlickrPhotosViewController.swift in Sources */ = {isa = PBXBuildFile; fileRef = 742E9FE21CB9CA36004D4EE5 /* FlickrPhotosViewController.swift */; };
		742E9FE51CB9D0C5004D4EE5 /* CollectionViewCell.swift in Sources */ = {isa = PBXBuildFile; fileRef = 742E9FE41CB9D0C5004D4EE5 /* CollectionViewCell.swift */; };
		742E9FE71CB9E4A0004D4EE5 /* MainViewController.swift in Sources */ = {isa = PBXBuildFile; fileRef = 742E9FE61CB9E4A0004D4EE5 /* MainViewController.swift */; };
/* End PBXBuildFile section */

/* Begin PBXContainerItemProxy section */
		742E9FC61CB9C832004D4EE5 /* PBXContainerItemProxy */ = {
			isa = PBXContainerItemProxy;
			containerPortal = 742E9FA91CB9C832004D4EE5 /* Project object */;
			proxyType = 1;
			remoteGlobalIDString = 742E9FB01CB9C832004D4EE5;
			remoteInfo = CollectionView_Roshan;
		};
		742E9FD11CB9C832004D4EE5 /* PBXContainerItemProxy */ = {
			isa = PBXContainerItemProxy;
			containerPortal = 742E9FA91CB9C832004D4EE5 /* Project object */;
			proxyType = 1;
			remoteGlobalIDString = 742E9FB01CB9C832004D4EE5;
			remoteInfo = CollectionView_Roshan;
		};
/* End PBXContainerItemProxy section */

/* Begin PBXFileReference section */
		742E9FB11CB9C832004D4EE5 /* CollectionView_Roshan.app */ = {isa = PBXFileReference; explicitFileType = wrapper.application; includeInIndex = 0; path = CollectionView_Roshan.app; sourceTree = BUILT_PRODUCTS_DIR; };
		742E9FB41CB9C832004D4EE5 /* AppDelegate.swift */ = {isa = PBXFileReference; lastKnownFileType = sourcecode.swift; path = AppDelegate.swift; sourceTree = "<group>"; };
		742E9FB91CB9C832004D4EE5 /* Base */ = {isa = PBXFileReference; lastKnownFileType = file.storyboard; name = Base; path = Base.lproj/Main.storyboard; sourceTree = "<group>"; };
		742E9FBB1CB9C832004D4EE5 /* Assets.xcassets */ = {isa = PBXFileReference; lastKnownFileType = folder.assetcatalog; path = Assets.xcassets; sourceTree = "<group>"; };
		742E9FBE1CB9C832004D4EE5 /* Base */ = {isa = PBXFileReference; lastKnownFileType = file.storyboard; name = Base; path = Base.lproj/LaunchScreen.storyboard; sourceTree = "<group>"; };
		742E9FC01CB9C832004D4EE5 /* Info.plist */ = {isa = PBXFileReference; lastKnownFileType = text.plist.xml; path = Info.plist; sourceTree = "<group>"; };
		742E9FC51CB9C832004D4EE5 /* CollectionView_RoshanTests.xctest */ = {isa = PBXFileReference; explicitFileType = wrapper.cfbundle; includeInIndex = 0; path = CollectionView_RoshanTests.xctest; sourceTree = BUILT_PRODUCTS_DIR; };
		742E9FC91CB9C832004D4EE5 /* CollectionView_RoshanTests.swift */ = {isa = PBXFileReference; lastKnownFileType = sourcecode.swift; path = CollectionView_RoshanTests.swift; sourceTree = "<group>"; };
		742E9FCB1CB9C832004D4EE5 /* Info.plist */ = {isa = PBXFileReference; lastKnownFileType = text.plist.xml; path = Info.plist; sourceTree = "<group>"; };
		742E9FD01CB9C832004D4EE5 /* CollectionView_RoshanUITests.xctest */ = {isa = PBXFileReference; explicitFileType = wrapper.cfbundle; includeInIndex = 0; path = CollectionView_RoshanUITests.xctest; sourceTree = BUILT_PRODUCTS_DIR; };
		742E9FD41CB9C832004D4EE5 /* CollectionView_RoshanUITests.swift */ = {isa = PBXFileReference; lastKnownFileType = sourcecode.swift; path = CollectionView_RoshanUITests.swift; sourceTree = "<group>"; };
		742E9FD61CB9C832004D4EE5 /* Info.plist */ = {isa = PBXFileReference; lastKnownFileType = text.plist.xml; path = Info.plist; sourceTree = "<group>"; };
		742E9FE21CB9CA36004D4EE5 /* FlickrPhotosViewController.swift */ = {isa = PBXFileReference; fileEncoding = 4; lastKnownFileType = sourcecode.swift; path = FlickrPhotosViewController.swift; sourceTree = "<group>"; };
		742E9FE41CB9D0C5004D4EE5 /* CollectionViewCell.swift */ = {isa = PBXFileReference; fileEncoding = 4; lastKnownFileType = sourcecode.swift; path = CollectionViewCell.swift; sourceTree = "<group>"; };
		742E9FE61CB9E4A0004D4EE5 /* MainViewController.swift */ = {isa = PBXFileReference; fileEncoding = 4; lastKnownFileType = sourcecode.swift; path = MainViewController.swift; sourceTree = "<group>"; };
/* End PBXFileReference section */

/* Begin PBXFrameworksBuildPhase section */
		742E9FAE1CB9C832004D4EE5 /* Frameworks */ = {
			isa = PBXFrameworksBuildPhase;
			buildActionMask = 2147483647;
			files = (
			);
			runOnlyForDeploymentPostprocessing = 0;
		};
		742E9FC21CB9C832004D4EE5 /* Frameworks */ = {
			isa = PBXFrameworksBuildPhase;
			buildActionMask = 2147483647;
			files = (
			);
			runOnlyForDeploymentPostprocessing = 0;
		};
		742E9FCD1CB9C832004D4EE5 /* Frameworks */ = {
			isa = PBXFrameworksBuildPhase;
			buildActionMask = 2147483647;
			files = (
			);
			runOnlyForDeploymentPostprocessing = 0;
		};
/* End PBXFrameworksBuildPhase section */

/* Begin PBXGroup section */
		742E9FA81CB9C832004D4EE5 = {
			isa = PBXGroup;
			children = (
				742E9FB31CB9C832004D4EE5 /* CollectionView_Roshan */,
				742E9FC81CB9C832004D4EE5 /* CollectionView_RoshanTests */,
				742E9FD31CB9C832004D4EE5 /* CollectionView_RoshanUITests */,
				742E9FB21CB9C832004D4EE5 /* Products */,
			);
			sourceTree = "<group>";
		};
		742E9FB21CB9C832004D4EE5 /* Products */ = {
			isa = PBXGroup;
			children = (
				742E9FB11CB9C832004D4EE5 /* CollectionView_Roshan.app */,
				742E9FC51CB9C832004D4EE5 /* CollectionView_RoshanTests.xctest */,
				742E9FD01CB9C832004D4EE5 /* CollectionView_RoshanUITests.xctest */,
			);
			name = Products;
			sourceTree = "<group>";
		};
		742E9FB31CB9C832004D4EE5 /* CollectionView_Roshan */ = {
			isa = PBXGroup;
			children = (
				742E9FB41CB9C832004D4EE5 /* AppDelegate.swift */,
				742E9FB81CB9C832004D4EE5 /* Main.storyboard */,
				742E9FBB1CB9C832004D4EE5 /* Assets.xcassets */,
				742E9FBD1CB9C832004D4EE5 /* LaunchScreen.storyboard */,
				742E9FC01CB9C832004D4EE5 /* Info.plist */,
				742E9FE21CB9CA36004D4EE5 /* FlickrPhotosViewController.swift */,
				742E9FE41CB9D0C5004D4EE5 /* CollectionViewCell.swift */,
				742E9FE61CB9E4A0004D4EE5 /* MainViewController.swift */,
			);
			path = CollectionView_Roshan;
			sourceTree = "<group>";
		};
		742E9FC81CB9C832004D4EE5 /* CollectionView_RoshanTests */ = {
			isa = PBXGroup;
			children = (
				742E9FC91CB9C832004D4EE5 /* CollectionView_RoshanTests.swift */,
				742E9FCB1CB9C832004D4EE5 /* Info.plist */,
			);
			path = CollectionView_RoshanTests;
			sourceTree = "<group>";
		};
		742E9FD31CB9C832004D4EE5 /* CollectionView_RoshanUITests */ = {
			isa = PBXGroup;
			children = (
				742E9FD41CB9C832004D4EE5 /* CollectionView_RoshanUITests.swift */,
				742E9FD61CB9C832004D4EE5 /* Info.plist */,
			);
			path = CollectionView_RoshanUITests;
			sourceTree = "<group>";
		};
/* End PBXGroup section */

/* Begin PBXNativeTarget section */
		742E9FB01CB9C832004D4EE5 /* CollectionView_Roshan */ = {
			isa = PBXNativeTarget;
			buildConfigurationList = 742E9FD91CB9C832004D4EE5 /* Build configuration list for PBXNativeTarget "CollectionView_Roshan" */;
			buildPhases = (
				742E9FAD1CB9C832004D4EE5 /* Sources */,
				742E9FAE1CB9C832004D4EE5 /* Frameworks */,
				742E9FAF1CB9C832004D4EE5 /* Resources */,
			);
			buildRules = (
			);
			dependencies = (
			);
			name = CollectionView_Roshan;
			productName = CollectionView_Roshan;
			productReference = 742E9FB11CB9C832004D4EE5 /* CollectionView_Roshan.app */;
			productType = "com.apple.product-type.application";
		};
		742E9FC41CB9C832004D4EE5 /* CollectionView_RoshanTests */ = {
			isa = PBXNativeTarget;
			buildConfigurationList = 742E9FDC1CB9C832004D4EE5 /* Build configuration list for PBXNativeTarget "CollectionView_RoshanTests" */;
			buildPhases = (
				742E9FC11CB9C832004D4EE5 /* Sources */,
				742E9FC21CB9C832004D4EE5 /* Frameworks */,
				742E9FC31CB9C832004D4EE5 /* Resources */,
			);
			buildRules = (
			);
			dependencies = (
				742E9FC71CB9C832004D4EE5 /* PBXTargetDependency */,
			);
			name = CollectionView_RoshanTests;
			productName = CollectionView_RoshanTests;
			productReference = 742E9FC51CB9C832004D4EE5 /* CollectionView_RoshanTests.xctest */;
			productType = "com.apple.product-type.bundle.unit-test";
		};
		742E9FCF1CB9C832004D4EE5 /* CollectionView_RoshanUITests */ = {
			isa = PBXNativeTarget;
			buildConfigurationList = 742E9FDF1CB9C832004D4EE5 /* Build configuration list for PBXNativeTarget "CollectionView_RoshanUITests" */;
			buildPhases = (
				742E9FCC1CB9C832004D4EE5 /* Sources */,
				742E9FCD1CB9C832004D4EE5 /* Frameworks */,
				742E9FCE1CB9C832004D4EE5 /* Resources */,
			);
			buildRules = (
			);
			dependencies = (
				742E9FD21CB9C832004D4EE5 /* PBXTargetDependency */,
			);
			name = CollectionView_RoshanUITests;
			productName = CollectionView_RoshanUITests;
			productReference = 742E9FD01CB9C832004D4EE5 /* CollectionView_RoshanUITests.xctest */;
			productType = "com.apple.product-type.bundle.ui-testing";
		};
/* End PBXNativeTarget section */

/* Begin PBXProject section */
		742E9FA91CB9C832004D4EE5 /* Project object */ = {
			isa = PBXProject;
			attributes = {
				LastSwiftUpdateCheck = 0720;
				LastUpgradeCheck = 0720;
				ORGANIZATIONNAME = "Roshan Thapaliya";
				TargetAttributes = {
					742E9FB01CB9C832004D4EE5 = {
						CreatedOnToolsVersion = 7.2;
						DevelopmentTeam = XBZX4KV28G;
					};
					742E9FC41CB9C832004D4EE5 = {
						CreatedOnToolsVersion = 7.2;
						DevelopmentTeam = XBZX4KV28G;
						TestTargetID = 742E9FB01CB9C832004D4EE5;
					};
					742E9FCF1CB9C832004D4EE5 = {
						CreatedOnToolsVersion = 7.2;
						DevelopmentTeam = XBZX4KV28G;
						TestTargetID = 742E9FB01CB9C832004D4EE5;
					};
				};
			};
			buildConfigurationList = 742E9FAC1CB9C832004D4EE5 /* Build configuration list for PBXProject "CollectionView_Roshan" */;
			compatibilityVersion = "Xcode 3.2";
			developmentRegion = English;
			hasScannedForEncodings = 0;
			knownRegions = (
				en,
				Base,
			);
			mainGroup = 742E9FA81CB9C832004D4EE5;
			productRefGroup = 742E9FB21CB9C832004D4EE5 /* Products */;
			projectDirPath = "";
			projectRoot = "";
			targets = (
				742E9FB01CB9C832004D4EE5 /* CollectionView_Roshan */,
				742E9FC41CB9C832004D4EE5 /* CollectionView_RoshanTests */,
				742E9FCF1CB9C832004D4EE5 /* CollectionView_RoshanUITests */,
			);
		};
/* End PBXProject section */

/* Begin PBXResourcesBuildPhase section */
		742E9FAF1CB9C832004D4EE5 /* Resources */ = {
			isa = PBXResourcesBuildPhase;
			buildActionMask = 2147483647;
			files = (
				742E9FBF1CB9C832004D4EE5 /* LaunchScreen.storyboard in Resources */,
				742E9FBC1CB9C832004D4EE5 /* Assets.xcassets in Resources */,
				742E9FBA1CB9C832004D4EE5 /* Main.storyboard in Resources */,
			);
			runOnlyForDeploymentPostprocessing = 0;
		};
		742E9FC31CB9C832004D4EE5 /* Resources */ = {
			isa = PBXResourcesBuildPhase;
			buildActionMask = 2147483647;
			files = (
			);
			runOnlyForDeploymentPostprocessing = 0;
		};
		742E9FCE1CB9C832004D4EE5 /* Resources */ = {
			isa = PBXResourcesBuildPhase;
			buildActionMask = 2147483647;
			files = (
			);
			runOnlyForDeploymentPostprocessing = 0;
		};
/* End PBXResourcesBuildPhase section */

/* Begin PBXSourcesBuildPhase section */
		742E9FAD1CB9C832004D4EE5 /* Sources */ = {
			isa = PBXSourcesBuildPhase;
			buildActionMask = 2147483647;
			files = (
				742E9FE31CB9CA36004D4EE5 /* FlickrPhotosViewController.swift in Sources */,
				742E9FB51CB9C832004D4EE5 /* AppDelegate.swift in Sources */,
				742E9FE51CB9D0C5004D4EE5 /* CollectionViewCell.swift in Sources */,
				742E9FE71CB9E4A0004D4EE5 /* MainViewController.swift in Sources */,
			);
			runOnlyForDeploymentPostprocessing = 0;
		};
		742E9FC11CB9C832004D4EE5 /* Sources */ = {
			isa = PBXSourcesBuildPhase;
			buildActionMask = 2147483647;
			files = (
				742E9FCA1CB9C832004D4EE5 /* CollectionView_RoshanTests.swift in Sources */,
			);
			runOnlyForDeploymentPostprocessing = 0;
		};
		742E9FCC1CB9C832004D4EE5 /* Sources */ = {
			isa = PBXSourcesBuildPhase;
			buildActionMask = 2147483647;
			files = (
				742E9FD51CB9C832004D4EE5 /* CollectionView_RoshanUITests.swift in Sources */,
			);
			runOnlyForDeploymentPostprocessing = 0;
		};
/* End PBXSourcesBuildPhase section */

/* Begin PBXTargetDependency section */
		742E9FC71CB9C832004D4EE5 /* PBXTargetDependency */ = {
			isa = PBXTargetDependency;
			target = 742E9FB01CB9C832004D4EE5 /* CollectionView_Roshan */;
			targetProxy = 742E9FC61CB9C832004D4EE5 /* PBXContainerItemProxy */;
		};
		742E9FD21CB9C832004D4EE5 /* PBXTargetDependency */ = {
			isa = PBXTargetDependency;
			target = 742E9FB01CB9C832004D4EE5 /* CollectionView_Roshan */;
			targetProxy = 742E9FD11CB9C832004D4EE5 /* PBXContainerItemProxy */;
		};
/* End PBXTargetDependency section */

/* Begin PBXVariantGroup section */
		742E9FB81CB9C832004D4EE5 /* Main.storyboard */ = {
			isa = PBXVariantGroup;
			children = (
				742E9FB91CB9C832004D4EE5 /* Base */,
			);
			name = Main.storyboard;
			sourceTree = "<group>";
		};
		742E9FBD1CB9C832004D4EE5 /* LaunchScreen.storyboard */ = {
			isa = PBXVariantGroup;
			children = (
				742E9FBE1CB9C832004D4EE5 /* Base */,
			);
			name = LaunchScreen.storyboard;
			sourceTree = "<group>";
		};
/* End PBXVariantGroup section */

/* Begin XCBuildConfiguration section */
		742E9FD71CB9C832004D4EE5 /* Debug */ = {
			isa = XCBuildConfiguration;
			buildSettings = {
				ALWAYS_SEARCH_USER_PATHS = NO;
				CLANG_CXX_LANGUAGE_STANDARD = "gnu++0x";
				CLANG_CXX_LIBRARY = "libc++";
				CLANG_ENABLE_MODULES = YES;
				CLANG_ENABLE_OBJC_ARC = YES;
				CLANG_WARN_BOOL_CONVERSION = YES;
				CLANG_WARN_CONSTANT_CONVERSION = YES;
				CLANG_WARN_DIRECT_OBJC_ISA_USAGE = YES_ERROR;
				CLANG_WARN_EMPTY_BODY = YES;
				CLANG_WARN_ENUM_CONVERSION = YES;
				CLANG_WARN_INT_CONVERSION = YES;
				CLANG_WARN_OBJC_ROOT_CLASS = YES_ERROR;
				CLANG_WARN_UNREACHABLE_CODE = YES;
				CLANG_WARN__DUPLICATE_METHOD_MATCH = YES;
				"CODE_SIGN_IDENTITY[sdk=iphoneos*]" = "iPhone Developer";
				COPY_PHASE_STRIP = NO;
				DEBUG_INFORMATION_FORMAT = dwarf;
				ENABLE_STRICT_OBJC_MSGSEND = YES;
				ENABLE_TESTABILITY = YES;
				GCC_C_LANGUAGE_STANDARD = gnu99;
				GCC_DYNAMIC_NO_PIC = NO;
				GCC_NO_COMMON_BLOCKS = YES;
				GCC_OPTIMIZATION_LEVEL = 0;
				GCC_PREPROCESSOR_DEFINITIONS = (
					"DEBUG=1",
					"$(inherited)",
				);
				GCC_WARN_64_TO_32_BIT_CONVERSION = YES;
				GCC_WARN_ABOUT_RETURN_TYPE = YES_ERROR;
				GCC_WARN_UNDECLARED_SELECTOR = YES;
				GCC_WARN_UNINITIALIZED_AUTOS = YES_AGGRESSIVE;
				GCC_WARN_UNUSED_FUNCTION = YES;
				GCC_WARN_UNUSED_VARIABLE = YES;
				IPHONEOS_DEPLOYMENT_TARGET = 9.2;
				MTL_ENABLE_DEBUG_INFO = YES;
				ONLY_ACTIVE_ARCH = YES;
				SDKROOT = iphoneos;
				SWIFT_OPTIMIZATION_LEVEL = "-Onone";
			};
			name = Debug;
		};
		742E9FD81CB9C832004D4EE5 /* Release */ = {
			isa = XCBuildConfiguration;
			buildSettings = {
				ALWAYS_SEARCH_USER_PATHS = NO;
				CLANG_CXX_LANGUAGE_STANDARD = "gnu++0x";
				CLANG_CXX_LIBRARY = "libc++";
				CLANG_ENABLE_MODULES = YES;
				CLANG_ENABLE_OBJC_ARC = YES;
				CLANG_WARN_BOOL_CONVERSION = YES;
				CLANG_WARN_CONSTANT_CONVERSION = YES;
				CLANG_WARN_DIRECT_OBJC_ISA_USAGE = YES_ERROR;
				CLANG_WARN_EMPTY_BODY = YES;
				CLANG_WARN_ENUM_CONVERSION = YES;
				CLANG_WARN_INT_CONVERSION = YES;
				CLANG_WARN_OBJC_ROOT_CLASS = YES_ERROR;
				CLANG_WARN_UNREACHABLE_CODE = YES;
				CLANG_WARN__DUPLICATE_METHOD_MATCH = YES;
				"CODE_SIGN_IDENTITY[sdk=iphoneos*]" = "iPhone Developer";
				COPY_PHASE_STRIP = NO;
				DEBUG_INFORMATION_FORMAT = "dwarf-with-dsym";
				ENABLE_NS_ASSERTIONS = NO;
				ENABLE_STRICT_OBJC_MSGSEND = YES;
				GCC_C_LANGUAGE_STANDARD = gnu99;
				GCC_NO_COMMON_BLOCKS = YES;
				GCC_WARN_64_TO_32_BIT_CONVERSION = YES;
				GCC_WARN_ABOUT_RETURN_TYPE = YES_ERROR;
				GCC_WARN_UNDECLARED_SELECTOR = YES;
				GCC_WARN_UNINITIALIZED_AUTOS = YES_AGGRESSIVE;
				GCC_WARN_UNUSED_FUNCTION = YES;
				GCC_WARN_UNUSED_VARIABLE = YES;
				IPHONEOS_DEPLOYMENT_TARGET = 9.2;
				MTL_ENABLE_DEBUG_INFO = NO;
				SDKROOT = iphoneos;
				VALIDATE_PRODUCT = YES;
			};
			name = Release;
		};
		742E9FDA1CB9C832004D4EE5 /* Debug */ = {
			isa = XCBuildConfiguration;
			buildSettings = {
				ASSETCATALOG_COMPILER_APPICON_NAME = AppIcon;
				INFOPLIST_FILE = CollectionView_Roshan/Info.plist;
				LD_RUNPATH_SEARCH_PATHS = "$(inherited) @executable_path/Frameworks";
				PRODUCT_BUNDLE_IDENTIFIER = "com.roshanthapaliya.CollectionView-Roshan";
				PRODUCT_NAME = "$(TARGET_NAME)";
			};
			name = Debug;
		};
		742E9FDB1CB9C832004D4EE5 /* Release */ = {
			isa = XCBuildConfiguration;
			buildSettings = {
				ASSETCATALOG_COMPILER_APPICON_NAME = AppIcon;
				INFOPLIST_FILE = CollectionView_Roshan/Info.plist;
				LD_RUNPATH_SEARCH_PATHS = "$(inherited) @executable_path/Frameworks";
				PRODUCT_BUNDLE_IDENTIFIER = "com.roshanthapaliya.CollectionView-Roshan";
				PRODUCT_NAME = "$(TARGET_NAME)";
			};
			name = Release;
		};
		742E9FDD1CB9C832004D4EE5 /* Debug */ = {
			isa = XCBuildConfiguration;
			buildSettings = {
				BUNDLE_LOADER = "$(TEST_HOST)";
				INFOPLIST_FILE = CollectionView_RoshanTests/Info.plist;
				LD_RUNPATH_SEARCH_PATHS = "$(inherited) @executable_path/Frameworks @loader_path/Frameworks";
				PRODUCT_BUNDLE_IDENTIFIER = "com.roshanthapaliya.CollectionView-RoshanTests";
				PRODUCT_NAME = "$(TARGET_NAME)";
				TEST_HOST = "$(BUILT_PRODUCTS_DIR)/CollectionView_Roshan.app/CollectionView_Roshan";
			};
			name = Debug;
		};
		742E9FDE1CB9C832004D4EE5 /* Release */ = {
			isa = XCBuildConfiguration;
			buildSettings = {
				BUNDLE_LOADER = "$(TEST_HOST)";
				INFOPLIST_FILE = CollectionView_RoshanTests/Info.plist;
				LD_RUNPATH_SEARCH_PATHS = "$(inherited) @executable_path/Frameworks @loader_path/Frameworks";
				PRODUCT_BUNDLE_IDENTIFIER = "com.roshanthapaliya.CollectionView-RoshanTests";
				PRODUCT_NAME = "$(TARGET_NAME)";
				TEST_HOST = "$(BUILT_PRODUCTS_DIR)/CollectionView_Roshan.app/CollectionView_Roshan";
			};
			name = Release;
		};
		742E9FE01CB9C832004D4EE5 /* Debug */ = {
			isa = XCBuildConfiguration;
			buildSettings = {
				INFOPLIST_FILE = CollectionView_RoshanUITests/Info.plist;
				LD_RUNPATH_SEARCH_PATHS = "$(inherited) @executable_path/Frameworks @loader_path/Frameworks";
				PRODUCT_BUNDLE_IDENTIFIER = "com.roshanthapaliya.CollectionView-RoshanUITests";
				PRODUCT_NAME = "$(TARGET_NAME)";
				TEST_TARGET_NAME = CollectionView_Roshan;
				USES_XCTRUNNER = YES;
			};
			name = Debug;
		};
		742E9FE11CB9C832004D4EE5 /* Release */ = {
			isa = XCBuildConfiguration;
			buildSettings = {
				INFOPLIST_FILE = CollectionView_RoshanUITests/Info.plist;
				LD_RUNPATH_SEARCH_PATHS = "$(inherited) @executable_path/Frameworks @loader_path/Frameworks";
				PRODUCT_BUNDLE_IDENTIFIER = "com.roshanthapaliya.CollectionView-RoshanUITests";
				PRODUCT_NAME = "$(TARGET_NAME)";
				TEST_TARGET_NAME = CollectionView_Roshan;
				USES_XCTRUNNER = YES;
			};
			name = Release;
		};
/* End XCBuildConfiguration section */

/* Begin XCConfigurationList section */
		742E9FAC1CB9C832004D4EE5 /* Build configuration list for PBXProject "CollectionView_Roshan" */ = {
			isa = XCConfigurationList;
			buildConfigurations = (
				742E9FD71CB9C832004D4EE5 /* Debug */,
				742E9FD81CB9C832004D4EE5 /* Release */,
			);
			defaultConfigurationIsVisible = 0;
			defaultConfigurationName = Release;
		};
		742E9FD91CB9C832004D4EE5 /* Build configuration list for PBXNativeTarget "CollectionView_Roshan" */ = {
			isa = XCConfigurationList;
			buildConfigurations = (
				742E9FDA1CB9C832004D4EE5 /* Debug */,
				742E9FDB1CB9C832004D4EE5 /* Release */,
			);
			defaultConfigurationIsVisible = 0;
		};
		742E9FDC1CB9C832004D4EE5 /* Build configuration list for PBXNativeTarget "CollectionView_RoshanTests" */ = {
			isa = XCConfigurationList;
			buildConfigurations = (
				742E9FDD1CB9C832004D4EE5 /* Debug */,
				742E9FDE1CB9C832004D4EE5 /* Release */,
			);
			defaultConfigurationIsVisible = 0;
		};
		742E9FDF1CB9C832004D4EE5 /* Build configuration list for PBXNativeTarget "CollectionView_RoshanUITests" */ = {
			isa = XCConfigurationList;
			buildConfigurations = (
				742E9FE01CB9C832004D4EE5 /* Debug */,
				742E9FE11CB9C832004D4EE5 /* Release */,
			);
			defaultConfigurationIsVisible = 0;
		};
/* End XCConfigurationList section */
	};
	rootObject = 742E9FA91CB9C832004D4EE5 /* Project object */;
}
